// !$*UTF8*$!
{
	archiveVersion = 1;
	classes = {
	};
	objectVersion = 51;
	objects = {

/* Begin PBXBuildFile section */
		2D86FDA525B3DBE10025A6A8 /* AppDelegate.swift in Sources */ = {isa = PBXBuildFile; fileRef = 2D86FDA425B3DBE10025A6A8 /* AppDelegate.swift */; };
		2D86FDA725B3DBE10025A6A8 /* SceneDelegate.swift in Sources */ = {isa = PBXBuildFile; fileRef = 2D86FDA625B3DBE10025A6A8 /* SceneDelegate.swift */; };
		2D86FDAC25B3DBE10025A6A8 /* Main.storyboard in Resources */ = {isa = PBXBuildFile; fileRef = 2D86FDAA25B3DBE10025A6A8 /* Main.storyboard */; };
		2D86FDAF25B3DBE10025A6A8 /* Todoey.xcdatamodeld in Sources */ = {isa = PBXBuildFile; fileRef = 2D86FDAD25B3DBE10025A6A8 /* Todoey.xcdatamodeld */; };
		2D86FDB125B3DBE20025A6A8 /* Assets.xcassets in Resources */ = {isa = PBXBuildFile; fileRef = 2D86FDB025B3DBE20025A6A8 /* Assets.xcassets */; };
		2D86FDB425B3DBE20025A6A8 /* LaunchScreen.storyboard in Resources */ = {isa = PBXBuildFile; fileRef = 2D86FDB225B3DBE20025A6A8 /* LaunchScreen.storyboard */; };
		2D86FDC225B3DC4A0025A6A8 /* ToDoListVC.swift in Sources */ = {isa = PBXBuildFile; fileRef = 2D86FDC125B3DC4A0025A6A8 /* ToDoListVC.swift */; };
		2D86FDC625B3DD260025A6A8 /* ToDoCell.swift in Sources */ = {isa = PBXBuildFile; fileRef = 2D86FDC525B3DD260025A6A8 /* ToDoCell.swift */; };
		2DAC0A6B25BFD3F000DD5645 /* CategoryVC.swift in Sources */ = {isa = PBXBuildFile; fileRef = 2DAC0A6A25BFD3F000DD5645 /* CategoryVC.swift */; };
		2DAC0A6E25BFD42F00DD5645 /* CategoryCell.swift in Sources */ = {isa = PBXBuildFile; fileRef = 2DAC0A6D25BFD42F00DD5645 /* CategoryCell.swift */; };
		A18E24ECB9A7CC0B6D020896 /* Pods_Todoey.framework in Frameworks */ = {isa = PBXBuildFile; fileRef = B360E41C7B86C554EAB26C4A /* Pods_Todoey.framework */; };
/* End PBXBuildFile section */

/* Begin PBXFileReference section */
		2D86FDA125B3DBE10025A6A8 /* Todoey.app */ = {isa = PBXFileReference; explicitFileType = wrapper.application; includeInIndex = 0; path = Todoey.app; sourceTree = BUILT_PRODUCTS_DIR; };
		2D86FDA425B3DBE10025A6A8 /* AppDelegate.swift */ = {isa = PBXFileReference; lastKnownFileType = sourcecode.swift; path = AppDelegate.swift; sourceTree = "<group>"; };
		2D86FDA625B3DBE10025A6A8 /* SceneDelegate.swift */ = {isa = PBXFileReference; lastKnownFileType = sourcecode.swift; path = SceneDelegate.swift; sourceTree = "<group>"; };
		2D86FDAB25B3DBE10025A6A8 /* Base */ = {isa = PBXFileReference; lastKnownFileType = file.storyboard; name = Base; path = Base.lproj/Main.storyboard; sourceTree = "<group>"; };
		2D86FDAE25B3DBE10025A6A8 /* Todoey.xcdatamodel */ = {isa = PBXFileReference; lastKnownFileType = wrapper.xcdatamodel; path = Todoey.xcdatamodel; sourceTree = "<group>"; };
		2D86FDB025B3DBE20025A6A8 /* Assets.xcassets */ = {isa = PBXFileReference; lastKnownFileType = folder.assetcatalog; path = Assets.xcassets; sourceTree = "<group>"; };
		2D86FDB325B3DBE20025A6A8 /* Base */ = {isa = PBXFileReference; lastKnownFileType = file.storyboard; name = Base; path = Base.lproj/LaunchScreen.storyboard; sourceTree = "<group>"; };
		2D86FDB525B3DBE20025A6A8 /* Info.plist */ = {isa = PBXFileReference; lastKnownFileType = text.plist.xml; path = Info.plist; sourceTree = "<group>"; };
		2D86FDC125B3DC4A0025A6A8 /* ToDoListVC.swift */ = {isa = PBXFileReference; lastKnownFileType = sourcecode.swift; path = ToDoListVC.swift; sourceTree = "<group>"; };
		2D86FDC525B3DD260025A6A8 /* ToDoCell.swift */ = {isa = PBXFileReference; lastKnownFileType = sourcecode.swift; path = ToDoCell.swift; sourceTree = "<group>"; };
		2DAC0A6A25BFD3F000DD5645 /* CategoryVC.swift */ = {isa = PBXFileReference; lastKnownFileType = sourcecode.swift; path = CategoryVC.swift; sourceTree = "<group>"; };
		2DAC0A6D25BFD42F00DD5645 /* CategoryCell.swift */ = {isa = PBXFileReference; lastKnownFileType = sourcecode.swift; path = CategoryCell.swift; sourceTree = "<group>"; };
		5C243243B791A4F69E4EBD94 /* Pods-Todoey.release.xcconfig */ = {isa = PBXFileReference; includeInIndex = 1; lastKnownFileType = text.xcconfig; name = "Pods-Todoey.release.xcconfig"; path = "Target Support Files/Pods-Todoey/Pods-Todoey.release.xcconfig"; sourceTree = "<group>"; };
		B360E41C7B86C554EAB26C4A /* Pods_Todoey.framework */ = {isa = PBXFileReference; explicitFileType = wrapper.framework; includeInIndex = 0; path = Pods_Todoey.framework; sourceTree = BUILT_PRODUCTS_DIR; };
		EC33CAB72D95D4954E0CE251 /* Pods-Todoey.debug.xcconfig */ = {isa = PBXFileReference; includeInIndex = 1; lastKnownFileType = text.xcconfig; name = "Pods-Todoey.debug.xcconfig"; path = "Target Support Files/Pods-Todoey/Pods-Todoey.debug.xcconfig"; sourceTree = "<group>"; };
/* End PBXFileReference section */

/* Begin PBXFrameworksBuildPhase section */
		2D86FD9E25B3DBE10025A6A8 /* Frameworks */ = {
			isa = PBXFrameworksBuildPhase;
			buildActionMask = 2147483647;
			files = (
				A18E24ECB9A7CC0B6D020896 /* Pods_Todoey.framework in Frameworks */,
			);
			runOnlyForDeploymentPostprocessing = 0;
		};
/* End PBXFrameworksBuildPhase section */

/* Begin PBXGroup section */
		1927C909FA47894E5D17603E /* Frameworks */ = {
			isa = PBXGroup;
			children = (
				B360E41C7B86C554EAB26C4A /* Pods_Todoey.framework */,
			);
			name = Frameworks;
			sourceTree = "<group>";
		};
		2D86FD9825B3DBE10025A6A8 = {
			isa = PBXGroup;
			children = (
				2D86FDA325B3DBE10025A6A8 /* Todoey */,
				2D86FDA225B3DBE10025A6A8 /* Products */,
				951067D26997ECBD8400A654 /* Pods */,
				1927C909FA47894E5D17603E /* Frameworks */,
			);
			sourceTree = "<group>";
		};
		2D86FDA225B3DBE10025A6A8 /* Products */ = {
			isa = PBXGroup;
			children = (
				2D86FDA125B3DBE10025A6A8 /* Todoey.app */,
			);
			name = Products;
			sourceTree = "<group>";
		};
		2D86FDA325B3DBE10025A6A8 /* Todoey */ = {
			isa = PBXGroup;
			children = (
				2D86FDBF25B3DC060025A6A8 /* Resoursces */,
				2DA16DB125B9043C006E2B79 /* Data Model */,
				2D86FDBE25B3DBFD0025A6A8 /* Controller */,
				2D86FDBD25B3DBF50025A6A8 /* View */,
				2D86FDBC25B3DBEE0025A6A8 /* Model */,
				2D86FDB025B3DBE20025A6A8 /* Assets.xcassets */,
				2D86FDB525B3DBE20025A6A8 /* Info.plist */,
				2D86FDAD25B3DBE10025A6A8 /* Todoey.xcdatamodeld */,
			);
			path = Todoey;
			sourceTree = "<group>";
		};
		2D86FDBC25B3DBEE0025A6A8 /* Model */ = {
			isa = PBXGroup;
			children = (
			);
			path = Model;
			sourceTree = "<group>";
		};
		2D86FDBD25B3DBF50025A6A8 /* View */ = {
			isa = PBXGroup;
			children = (
				2D86FDAA25B3DBE10025A6A8 /* Main.storyboard */,
				2D86FDB225B3DBE20025A6A8 /* LaunchScreen.storyboard */,
			);
			path = View;
			sourceTree = "<group>";
		};
		2D86FDBE25B3DBFD0025A6A8 /* Controller */ = {
			isa = PBXGroup;
			children = (
				2DA16DB625B90551006E2B79 /* ToDoViewControllers */,
				2D86FDC425B3DCFC0025A6A8 /* ToDoCells */,
			);
			path = Controller;
			sourceTree = "<group>";
		};
		2D86FDBF25B3DC060025A6A8 /* Resoursces */ = {
			isa = PBXGroup;
			children = (
				2D86FDA425B3DBE10025A6A8 /* AppDelegate.swift */,
				2D86FDA625B3DBE10025A6A8 /* SceneDelegate.swift */,
			);
			path = Resoursces;
			sourceTree = "<group>";
		};
		2D86FDC425B3DCFC0025A6A8 /* ToDoCells */ = {
			isa = PBXGroup;
			children = (
				2DAC0A6D25BFD42F00DD5645 /* CategoryCell.swift */,
				2D86FDC525B3DD260025A6A8 /* ToDoCell.swift */,
			);
			path = ToDoCells;
			sourceTree = "<group>";
		};
		2DA16DB125B9043C006E2B79 /* Data Model */ = {
			isa = PBXGroup;
			children = (
			);
			path = "Data Model";
			sourceTree = "<group>";
		};
		2DA16DB625B90551006E2B79 /* ToDoViewControllers */ = {
			isa = PBXGroup;
			children = (
				2DAC0A6A25BFD3F000DD5645 /* CategoryVC.swift */,
				2D86FDC125B3DC4A0025A6A8 /* ToDoListVC.swift */,
			);
			path = ToDoViewControllers;
			sourceTree = "<group>";
		};
		951067D26997ECBD8400A654 /* Pods */ = {
			isa = PBXGroup;
			children = (
				EC33CAB72D95D4954E0CE251 /* Pods-Todoey.debug.xcconfig */,
				5C243243B791A4F69E4EBD94 /* Pods-Todoey.release.xcconfig */,
			);
			path = Pods;
			sourceTree = "<group>";
		};
/* End PBXGroup section */

/* Begin PBXNativeTarget section */
		2D86FDA025B3DBE10025A6A8 /* Todoey */ = {
			isa = PBXNativeTarget;
			buildConfigurationList = 2D86FDB825B3DBE20025A6A8 /* Build configuration list for PBXNativeTarget "Todoey" */;
			buildPhases = (
				1B44A5962EE3AE863C31843B /* [CP] Check Pods Manifest.lock */,
				2D86FD9D25B3DBE10025A6A8 /* Sources */,
				2D86FD9E25B3DBE10025A6A8 /* Frameworks */,
				2D86FD9F25B3DBE10025A6A8 /* Resources */,
				0C8169875B33A2586F8E04A0 /* [CP] Embed Pods Frameworks */,
			);
			buildRules = (
			);
			dependencies = (
			);
			name = Todoey;
			productName = Todoey;
			productReference = 2D86FDA125B3DBE10025A6A8 /* Todoey.app */;
			productType = "com.apple.product-type.application";
		};
/* End PBXNativeTarget section */

/* Begin PBXProject section */
		2D86FD9925B3DBE10025A6A8 /* Project object */ = {
			isa = PBXProject;
			attributes = {
				LastSwiftUpdateCheck = 1200;
				LastUpgradeCheck = 1200;
				TargetAttributes = {
					2D86FDA025B3DBE10025A6A8 = {
						CreatedOnToolsVersion = 12.0.1;
					};
				};
			};
			buildConfigurationList = 2D86FD9C25B3DBE10025A6A8 /* Build configuration list for PBXProject "Todoey" */;
			compatibilityVersion = "Xcode 9.3";
			developmentRegion = en;
			hasScannedForEncodings = 0;
			knownRegions = (
				en,
				Base,
			);
			mainGroup = 2D86FD9825B3DBE10025A6A8;
			productRefGroup = 2D86FDA225B3DBE10025A6A8 /* Products */;
			projectDirPath = "";
			projectRoot = "";
			targets = (
				2D86FDA025B3DBE10025A6A8 /* Todoey */,
			);
		};
/* End PBXProject section */

/* Begin PBXResourcesBuildPhase section */
		2D86FD9F25B3DBE10025A6A8 /* Resources */ = {
			isa = PBXResourcesBuildPhase;
			buildActionMask = 2147483647;
			files = (
				2D86FDB425B3DBE20025A6A8 /* LaunchScreen.storyboard in Resources */,
				2D86FDB125B3DBE20025A6A8 /* Assets.xcassets in Resources */,
				2D86FDAC25B3DBE10025A6A8 /* Main.storyboard in Resources */,
			);
			runOnlyForDeploymentPostprocessing = 0;
		};
/* End PBXResourcesBuildPhase section */

/* Begin PBXShellScriptBuildPhase section */
		0C8169875B33A2586F8E04A0 /* [CP] Embed Pods Frameworks */ = {
			isa = PBXShellScriptBuildPhase;
			buildActionMask = 2147483647;
			files = (
			);
			inputFileListPaths = (
				"${PODS_ROOT}/Target Support Files/Pods-Todoey/Pods-Todoey-frameworks-${CONFIGURATION}-input-files.xcfilelist",
			);
			name = "[CP] Embed Pods Frameworks";
			outputFileListPaths = (
				"${PODS_ROOT}/Target Support Files/Pods-Todoey/Pods-Todoey-frameworks-${CONFIGURATION}-output-files.xcfilelist",
			);
			runOnlyForDeploymentPostprocessing = 0;
			shellPath = /bin/sh;
			shellScript = "\"${PODS_ROOT}/Target Support Files/Pods-Todoey/Pods-Todoey-frameworks.sh\"\n";
			showEnvVarsInLog = 0;
		};
		1B44A5962EE3AE863C31843B /* [CP] Check Pods Manifest.lock */ = {
			isa = PBXShellScriptBuildPhase;
			buildActionMask = 2147483647;
			files = (
			);
			inputFileListPaths = (
			);
			inputPaths = (
				"${PODS_PODFILE_DIR_PATH}/Podfile.lock",
				"${PODS_ROOT}/Manifest.lock",
			);
			name = "[CP] Check Pods Manifest.lock";
			outputFileListPaths = (
			);
			outputPaths = (
				"$(DERIVED_FILE_DIR)/Pods-Todoey-checkManifestLockResult.txt",
			);
			runOnlyForDeploymentPostprocessing = 0;
			shellPath = /bin/sh;
			shellScript = "diff \"${PODS_PODFILE_DIR_PATH}/Podfile.lock\" \"${PODS_ROOT}/Manifest.lock\" > /dev/null\nif [ $? != 0 ] ; then\n    # print error to STDERR\n    echo \"error: The sandbox is not in sync with the Podfile.lock. Run 'pod install' or update your CocoaPods installation.\" >&2\n    exit 1\nfi\n# This output is used by Xcode 'outputs' to avoid re-running this script phase.\necho \"SUCCESS\" > \"${SCRIPT_OUTPUT_FILE_0}\"\n";
			showEnvVarsInLog = 0;
		};
/* End PBXShellScriptBuildPhase section */

/* Begin PBXSourcesBuildPhase section */
		2D86FD9D25B3DBE10025A6A8 /* Sources */ = {
			isa = PBXSourcesBuildPhase;
			buildActionMask = 2147483647;
			files = (
				2D86FDA525B3DBE10025A6A8 /* AppDelegate.swift in Sources */,
				2D86FDA725B3DBE10025A6A8 /* SceneDelegate.swift in Sources */,
				2D86FDC225B3DC4A0025A6A8 /* ToDoListVC.swift in Sources */,
				2DAC0A6E25BFD42F00DD5645 /* CategoryCell.swift in Sources */,
				2D86FDAF25B3DBE10025A6A8 /* Todoey.xcdatamodeld in Sources */,
				2DAC0A6B25BFD3F000DD5645 /* CategoryVC.swift in Sources */,
				2D86FDC625B3DD260025A6A8 /* ToDoCell.swift in Sources */,
			);
			runOnlyForDeploymentPostprocessing = 0;
		};
/* End PBXSourcesBuildPhase section */

/* Begin PBXVariantGroup section */
		2D86FDAA25B3DBE10025A6A8 /* Main.storyboard */ = {
			isa = PBXVariantGroup;
			children = (
				2D86FDAB25B3DBE10025A6A8 /* Base */,
			);
			name = Main.storyboard;
			sourceTree = "<group>";
		};
		2D86FDB225B3DBE20025A6A8 /* LaunchScreen.storyboard */ = {
			isa = PBXVariantGroup;
			children = (
				2D86FDB325B3DBE20025A6A8 /* Base */,
			);
			name = LaunchScreen.storyboard;
			sourceTree = "<group>";
		};
/* End PBXVariantGroup section */

/* Begin XCBuildConfiguration section */
		2D86FDB625B3DBE20025A6A8 /* Debug */ = {
			isa = XCBuildConfiguration;
			buildSettings = {
				ALWAYS_SEARCH_USER_PATHS = NO;
				CLANG_ANALYZER_NONNULL = YES;
				CLANG_ANALYZER_NUMBER_OBJECT_CONVERSION = YES_AGGRESSIVE;
				CLANG_CXX_LANGUAGE_STANDARD = "gnu++14";
				CLANG_CXX_LIBRARY = "libc++";
				CLANG_ENABLE_MODULES = YES;
				CLANG_ENABLE_OBJC_ARC = YES;
				CLANG_ENABLE_OBJC_WEAK = YES;
				CLANG_WARN_BLOCK_CAPTURE_AUTORELEASING = YES;
				CLANG_WARN_BOOL_CONVERSION = YES;
				CLANG_WARN_COMMA = YES;
				CLANG_WARN_CONSTANT_CONVERSION = YES;
				CLANG_WARN_DEPRECATED_OBJC_IMPLEMENTATIONS = YES;
				CLANG_WARN_DIRECT_OBJC_ISA_USAGE = YES_ERROR;
				CLANG_WARN_DOCUMENTATION_COMMENTS = YES;
				CLANG_WARN_EMPTY_BODY = YES;
				CLANG_WARN_ENUM_CONVERSION = YES;
				CLANG_WARN_INFINITE_RECURSION = YES;
				CLANG_WARN_INT_CONVERSION = YES;
				CLANG_WARN_NON_LITERAL_NULL_CONVERSION = YES;
				CLANG_WARN_OBJC_IMPLICIT_RETAIN_SELF = YES;
				CLANG_WARN_OBJC_LITERAL_CONVERSION = YES;
				CLANG_WARN_OBJC_ROOT_CLASS = YES_ERROR;
				CLANG_WARN_QUOTED_INCLUDE_IN_FRAMEWORK_HEADER = YES;
				CLANG_WARN_RANGE_LOOP_ANALYSIS = YES;
				CLANG_WARN_STRICT_PROTOTYPES = YES;
				CLANG_WARN_SUSPICIOUS_MOVE = YES;
				CLANG_WARN_UNGUARDED_AVAILABILITY = YES_AGGRESSIVE;
				CLANG_WARN_UNREACHABLE_CODE = YES;
				CLANG_WARN__DUPLICATE_METHOD_MATCH = YES;
				COPY_PHASE_STRIP = NO;
				DEBUG_INFORMATION_FORMAT = dwarf;
				ENABLE_STRICT_OBJC_MSGSEND = YES;
				ENABLE_TESTABILITY = YES;
				GCC_C_LANGUAGE_STANDARD = gnu11;
				GCC_DYNAMIC_NO_PIC = NO;
				GCC_NO_COMMON_BLOCKS = YES;
				GCC_OPTIMIZATION_LEVEL = 0;
				GCC_PREPROCESSOR_DEFINITIONS = (
					"DEBUG=1",
					"$(inherited)",
				);
				GCC_WARN_64_TO_32_BIT_CONVERSION = YES;
				GCC_WARN_ABOUT_RETURN_TYPE = YES_ERROR;
				GCC_WARN_UNDECLARED_SELECTOR = YES;
				GCC_WARN_UNINITIALIZED_AUTOS = YES_AGGRESSIVE;
				GCC_WARN_UNUSED_FUNCTION = YES;
				GCC_WARN_UNUSED_VARIABLE = YES;
				IPHONEOS_DEPLOYMENT_TARGET = 14.0;
				MTL_ENABLE_DEBUG_INFO = INCLUDE_SOURCE;
				MTL_FAST_MATH = YES;
				ONLY_ACTIVE_ARCH = YES;
				SDKROOT = iphoneos;
				SWIFT_ACTIVE_COMPILATION_CONDITIONS = DEBUG;
				SWIFT_OPTIMIZATION_LEVEL = "-Onone";
			};
			name = Debug;
		};
		2D86FDB725B3DBE20025A6A8 /* Release */ = {
			isa = XCBuildConfiguration;
			buildSettings = {
				ALWAYS_SEARCH_USER_PATHS = NO;
				CLANG_ANALYZER_NONNULL = YES;
				CLANG_ANALYZER_NUMBER_OBJECT_CONVERSION = YES_AGGRESSIVE;
				CLANG_CXX_LANGUAGE_STANDARD = "gnu++14";
				CLANG_CXX_LIBRARY = "libc++";
				CLANG_ENABLE_MODULES = YES;
				CLANG_ENABLE_OBJC_ARC = YES;
				CLANG_ENABLE_OBJC_WEAK = YES;
				CLANG_WARN_BLOCK_CAPTURE_AUTORELEASING = YES;
				CLANG_WARN_BOOL_CONVERSION = YES;
				CLANG_WARN_COMMA = YES;
				CLANG_WARN_CONSTANT_CONVERSION = YES;
				CLANG_WARN_DEPRECATED_OBJC_IMPLEMENTATIONS = YES;
				CLANG_WARN_DIRECT_OBJC_ISA_USAGE = YES_ERROR;
				CLANG_WARN_DOCUMENTATION_COMMENTS = YES;
				CLANG_WARN_EMPTY_BODY = YES;
				CLANG_WARN_ENUM_CONVERSION = YES;
				CLANG_WARN_INFINITE_RECURSION = YES;
				CLANG_WARN_INT_CONVERSION = YES;
				CLANG_WARN_NON_LITERAL_NULL_CONVERSION = YES;
				CLANG_WARN_OBJC_IMPLICIT_RETAIN_SELF = YES;
				CLANG_WARN_OBJC_LITERAL_CONVERSION = YES;
				CLANG_WARN_OBJC_ROOT_CLASS = YES_ERROR;
				CLANG_WARN_QUOTED_INCLUDE_IN_FRAMEWORK_HEADER = YES;
				CLANG_WARN_RANGE_LOOP_ANALYSIS = YES;
				CLANG_WARN_STRICT_PROTOTYPES = YES;
				CLANG_WARN_SUSPICIOUS_MOVE = YES;
				CLANG_WARN_UNGUARDED_AVAILABILITY = YES_AGGRESSIVE;
				CLANG_WARN_UNREACHABLE_CODE = YES;
				CLANG_WARN__DUPLICATE_METHOD_MATCH = YES;
				COPY_PHASE_STRIP = NO;
				DEBUG_INFORMATION_FORMAT = "dwarf-with-dsym";
				ENABLE_NS_ASSERTIONS = NO;
				ENABLE_STRICT_OBJC_MSGSEND = YES;
				GCC_C_LANGUAGE_STANDARD = gnu11;
				GCC_NO_COMMON_BLOCKS = YES;
				GCC_WARN_64_TO_32_BIT_CONVERSION = YES;
				GCC_WARN_ABOUT_RETURN_TYPE = YES_ERROR;
				GCC_WARN_UNDECLARED_SELECTOR = YES;
				GCC_WARN_UNINITIALIZED_AUTOS = YES_AGGRESSIVE;
				GCC_WARN_UNUSED_FUNCTION = YES;
				GCC_WARN_UNUSED_VARIABLE = YES;
				IPHONEOS_DEPLOYMENT_TARGET = 14.0;
				MTL_ENABLE_DEBUG_INFO = NO;
				MTL_FAST_MATH = YES;
				SDKROOT = iphoneos;
				SWIFT_COMPILATION_MODE = wholemodule;
				SWIFT_OPTIMIZATION_LEVEL = "-O";
				VALIDATE_PRODUCT = YES;
			};
			name = Release;
		};
		2D86FDB925B3DBE20025A6A8 /* Debug */ = {
			isa = XCBuildConfiguration;
			baseConfigurationReference = EC33CAB72D95D4954E0CE251 /* Pods-Todoey.debug.xcconfig */;
			buildSettings = {
				ASSETCATALOG_COMPILER_APPICON_NAME = AppIcon;
				ASSETCATALOG_COMPILER_GLOBAL_ACCENT_COLOR_NAME = AccentColor;
				CODE_SIGN_STYLE = Automatic;
				DEVELOPMENT_TEAM = AXXZRD75ML;
				INFOPLIST_FILE = Todoey/Info.plist;
				IPHONEOS_DEPLOYMENT_TARGET = 14.0;
				LD_RUNPATH_SEARCH_PATHS = (
					"$(inherited)",
					"@executable_path/Frameworks",
				);
				PRODUCT_BUNDLE_IDENTIFIER = com.Todoey.Todoey;
				PRODUCT_NAME = "$(TARGET_NAME)";
				SWIFT_VERSION = 5.0;
				TARGETED_DEVICE_FAMILY = "1,2";
			};
			name = Debug;
		};
		2D86FDBA25B3DBE20025A6A8 /* Release */ = {
			isa = XCBuildConfiguration;
			baseConfigurationReference = 5C243243B791A4F69E4EBD94 /* Pods-Todoey.release.xcconfig */;
			buildSettings = {
				ASSETCATALOG_COMPILER_APPICON_NAME = AppIcon;
				ASSETCATALOG_COMPILER_GLOBAL_ACCENT_COLOR_NAME = AccentColor;
				CODE_SIGN_STYLE = Automatic;
				DEVELOPMENT_TEAM = AXXZRD75ML;
				INFOPLIST_FILE = Todoey/Info.plist;
				IPHONEOS_DEPLOYMENT_TARGET = 14.0;
				LD_RUNPATH_SEARCH_PATHS = (
					"$(inherited)",
					"@executable_path/Frameworks",
				);
				PRODUCT_BUNDLE_IDENTIFIER = com.Todoey.Todoey;
				PRODUCT_NAME = "$(TARGET_NAME)";
				SWIFT_VERSION = 5.0;
				TARGETED_DEVICE_FAMILY = "1,2";
			};
			name = Release;
		};
/* End XCBuildConfiguration section */

/* Begin XCConfigurationList section */
		2D86FD9C25B3DBE10025A6A8 /* Build configuration list for PBXProject "Todoey" */ = {
			isa = XCConfigurationList;
			buildConfigurations = (
				2D86FDB625B3DBE20025A6A8 /* Debug */,
				2D86FDB725B3DBE20025A6A8 /* Release */,
			);
			defaultConfigurationIsVisible = 0;
			defaultConfigurationName = Release;
		};
		2D86FDB825B3DBE20025A6A8 /* Build configuration list for PBXNativeTarget "Todoey" */ = {
			isa = XCConfigurationList;
			buildConfigurations = (
				2D86FDB925B3DBE20025A6A8 /* Debug */,
				2D86FDBA25B3DBE20025A6A8 /* Release */,
			);
			defaultConfigurationIsVisible = 0;
			defaultConfigurationName = Release;
		};
/* End XCConfigurationList section */

/* Begin XCVersionGroup section */
		2D86FDAD25B3DBE10025A6A8 /* Todoey.xcdatamodeld */ = {
			isa = XCVersionGroup;
			children = (
				2D86FDAE25B3DBE10025A6A8 /* Todoey.xcdatamodel */,
			);
			currentVersion = 2D86FDAE25B3DBE10025A6A8 /* Todoey.xcdatamodel */;
			path = Todoey.xcdatamodeld;
			sourceTree = "<group>";
			versionGroupType = wrapper.xcdatamodel;
		};
/* End XCVersionGroup section */
	};
	rootObject = 2D86FD9925B3DBE10025A6A8 /* Project object */;
}
